
Microsoft Visual Studio Solution File, Format Version 12.00
# Visual Studio Version 16
VisualStudioVersion = 16.0.32126.315
MinimumVisualStudioVersion = 10.0.40219.1
Project("{FAE04EC0-301F-11D3-BF4B-00C04F79EFBC}") = "CSharpCamp", "CSharpCamp\CSharpCamp.csproj", "{AB0BC447-7ED8-448E-8228-1FAA6AED9902}"
EndProject
Project("{FAE04EC0-301F-11D3-BF4B-00C04F79EFBC}") = "OOP1", "OOP1\OOP1.csproj", "{116ABCAC-C32A-4F9F-82C2-E72D6B7C314A}"
EndProject
Project("{FAE04EC0-301F-11D3-BF4B-00C04F79EFBC}") = "Koleksiyonlar", "Koleksiyonlar\Koleksiyonlar.csproj", "{2AE3F923-2304-45F7-824A-0A74944971D4}"
EndProject
Project("{FAE04EC0-301F-11D3-BF4B-00C04F79EFBC}") = "GenericsIntro", "GenericsIntro\GenericsIntro.csproj", "{6ACEC579-1D6A-4ED9-8D49-19758E50D5E9}"
EndProject
Project("{FAE04EC0-301F-11D3-BF4B-00C04F79EFBC}") = "Generics", "Generics\Generics.csproj", "{78656AB0-2A77-4D60-AE32-B71A6ABE2720}"
EndProject
Project("{FAE04EC0-301F-11D3-BF4B-00C04F79EFBC}") = "Constructors", "Constructors\Constructors.csproj", "{21782D5C-23C6-479D-BC5D-80E97D3DED21}"
EndProject
Project("{FAE04EC0-301F-11D3-BF4B-00C04F79EFBC}") = "MyDictionary", "MyDictionary\MyDictionary.csproj", "{1C21606B-33BA-454F-803B-12336F94210B}"
EndProject
Project("{FAE04EC0-301F-11D3-BF4B-00C04F79EFBC}") = "OOP2", "OOP2\OOP2.csproj", "{6033CD3E-27F5-4572-8954-AA5A2BFEFA99}"
EndProject
Project("{FAE04EC0-301F-11D3-BF4B-00C04F79EFBC}") = "OOP3", "OOP3\OOP3.csproj", "{7FBA05CD-6DD7-4F09-A0E6-7F0B519F4FEC}"
EndProject
Global
	GlobalSection(SolutionConfigurationPlatforms) = preSolution
		Debug|Any CPU = Debug|Any CPU
		Release|Any CPU = Release|Any CPU
	EndGlobalSection
	GlobalSection(ProjectConfigurationPlatforms) = postSolution
		{AB0BC447-7ED8-448E-8228-1FAA6AED9902}.Debug|Any CPU.ActiveCfg = Debug|Any CPU
		{AB0BC447-7ED8-448E-8228-1FAA6AED9902}.Debug|Any CPU.Build.0 = Debug|Any CPU
		{AB0BC447-7ED8-448E-8228-1FAA6AED9902}.Release|Any CPU.ActiveCfg = Release|Any CPU
		{AB0BC447-7ED8-448E-8228-1FAA6AED9902}.Release|Any CPU.Build.0 = Release|Any CPU
		{116ABCAC-C32A-4F9F-82C2-E72D6B7C314A}.Debug|Any CPU.ActiveCfg = Debug|Any CPU
		{116ABCAC-C32A-4F9F-82C2-E72D6B7C314A}.Debug|Any CPU.Build.0 = Debug|Any CPU
		{116ABCAC-C32A-4F9F-82C2-E72D6B7C314A}.Release|Any CPU.ActiveCfg = Release|Any CPU
		{116ABCAC-C32A-4F9F-82C2-E72D6B7C314A}.Release|Any CPU.Build.0 = Release|Any CPU
		{2AE3F923-2304-45F7-824A-0A74944971D4}.Debug|Any CPU.ActiveCfg = Debug|Any CPU
		{2AE3F923-2304-45F7-824A-0A74944971D4}.Debug|Any CPU.Build.0 = Debug|Any CPU
		{2AE3F923-2304-45F7-824A-0A74944971D4}.Release|Any CPU.ActiveCfg = Release|Any CPU
		{2AE3F923-2304-45F7-824A-0A74944971D4}.Release|Any CPU.Build.0 = Release|Any CPU
		{6ACEC579-1D6A-4ED9-8D49-19758E50D5E9}.Debug|Any CPU.ActiveCfg = Debug|Any CPU
		{6ACEC579-1D6A-4ED9-8D49-19758E50D5E9}.Debug|Any CPU.Build.0 = Debug|Any CPU
		{6ACEC579-1D6A-4ED9-8D49-19758E50D5E9}.Release|Any CPU.ActiveCfg = Release|Any CPU
		{6ACEC579-1D6A-4ED9-8D49-19758E50D5E9}.Release|Any CPU.Build.0 = Release|Any CPU
		{78656AB0-2A77-4D60-AE32-B71A6ABE2720}.Debug|Any CPU.ActiveCfg = Debug|Any CPU
		{78656AB0-2A77-4D60-AE32-B71A6ABE2720}.Debug|Any CPU.Build.0 = Debug|Any CPU
		{78656AB0-2A77-4D60-AE32-B71A6ABE2720}.Release|Any CPU.ActiveCfg = Release|Any CPU
		{78656AB0-2A77-4D60-AE32-B71A6ABE2720}.Release|Any CPU.Build.0 = Release|Any CPU
		{21782D5C-23C6-479D-BC5D-80E97D3DED21}.Debug|Any CPU.ActiveCfg = Debug|Any CPU
		{21782D5C-23C6-479D-BC5D-80E97D3DED21}.Debug|Any CPU.Build.0 = Debug|Any CPU
		{21782D5C-23C6-479D-BC5D-80E97D3DED21}.Release|Any CPU.ActiveCfg = Release|Any CPU
		{21782D5C-23C6-479D-BC5D-80E97D3DED21}.Release|Any CPU.Build.0 = Release|Any CPU
		{1C21606B-33BA-454F-803B-12336F94210B}.Debug|Any CPU.ActiveCfg = Debug|Any CPU
		{1C21606B-33BA-454F-803B-12336F94210B}.Debug|Any CPU.Build.0 = Debug|Any CPU
		{1C21606B-33BA-454F-803B-12336F94210B}.Release|Any CPU.ActiveCfg = Release|Any CPU
		{1C21606B-33BA-454F-803B-12336F94210B}.Release|Any CPU.Build.0 = Release|Any CPU
		{6033CD3E-27F5-4572-8954-AA5A2BFEFA99}.Debug|Any CPU.ActiveCfg = Debug|Any CPU
		{6033CD3E-27F5-4572-8954-AA5A2BFEFA99}.Debug|Any CPU.Build.0 = Debug|Any CPU
		{6033CD3E-27F5-4572-8954-AA5A2BFEFA99}.Release|Any CPU.ActiveCfg = Release|Any CPU
		{6033CD3E-27F5-4572-8954-AA5A2BFEFA99}.Release|Any CPU.Build.0 = Release|Any CPU
		{7FBA05CD-6DD7-4F09-A0E6-7F0B519F4FEC}.Debug|Any CPU.ActiveCfg = Debug|Any CPU
		{7FBA05CD-6DD7-4F09-A0E6-7F0B519F4FEC}.Debug|Any CPU.Build.0 = Debug|Any CPU
		{7FBA05CD-6DD7-4F09-A0E6-7F0B519F4FEC}.Release|Any CPU.ActiveCfg = Release|Any CPU
		{7FBA05CD-6DD7-4F09-A0E6-7F0B519F4FEC}.Release|Any CPU.Build.0 = Release|Any CPU
	EndGlobalSection
	GlobalSection(SolutionProperties) = preSolution
		HideSolutionNode = FALSE
	EndGlobalSection
	GlobalSection(ExtensibilityGlobals) = postSolution
		SolutionGuid = {B9DD4CDC-4106-42FE-B033-80693E9C9E26}
	EndGlobalSection
EndGlobal
